
Microsoft Visual Studio Solution File, Format Version 11.00
# Visual Studio 2010
Project("{FAE04EC0-301F-11D3-BF4B-00C04F79EFBC}") = "Assembly-CSharp", "Assembly-CSharp.csproj", "{d7c9b1ba-954b-1934-3194-10d6580b496e}"
EndProject
Global
	GlobalSection(SolutionConfigurationPlatforms) = preSolution
		Debug|Any CPU = Debug|Any CPU
		Release|Any CPU = Release|Any CPU
	EndGlobalSection
	GlobalSection(ProjectConfigurationPlatforms) = postSolution
		{d7c9b1ba-954b-1934-3194-10d6580b496e}.Debug|Any CPU.ActiveCfg = Debug|Any CPU
		{d7c9b1ba-954b-1934-3194-10d6580b496e}.Debug|Any CPU.Build.0 = Debug|Any CPU
		{d7c9b1ba-954b-1934-3194-10d6580b496e}.Release|Any CPU.ActiveCfg = Release|Any CPU
		{d7c9b1ba-954b-1934-3194-10d6580b496e}.Release|Any CPU.Build.0 = Release|Any CPU
	EndGlobalSection
	GlobalSection(SolutionProperties) = preSolution
		HideSolutionNode = FALSE
	EndGlobalSection
EndGlobal
